
Microsoft Visual Studio Solution File, Format Version 12.00
# Visual Studio 15
VisualStudioVersion = 15.0.27428.2037
MinimumVisualStudioVersion = 10.0.40219.1
Project("{00D1A9C2-B5F0-4AF3-8072-F6C62B433612}") = "BenchmarkResultsDb", "BenchmarkResultsDb\BenchmarkResultsDb.sqlproj", "{2C5E3CCA-E401-48B4-B526-E7ED823F67E4}"
EndProject
Global
	GlobalSection(SolutionConfigurationPlatforms) = preSolution
		Debug|Any CPU = Debug|Any CPU
		Release|Any CPU = Release|Any CPU
	EndGlobalSection
	GlobalSection(ProjectConfigurationPlatforms) = postSolution
		{2C5E3CCA-E401-48B4-B526-E7ED823F67E4}.Debug|Any CPU.ActiveCfg = Debug|Any CPU
		{2C5E3CCA-E401-48B4-B526-E7ED823F67E4}.Debug|Any CPU.Build.0 = Debug|Any CPU
		{2C5E3CCA-E401-48B4-B526-E7ED823F67E4}.Debug|Any CPU.Deploy.0 = Debug|Any CPU
		{2C5E3CCA-E401-48B4-B526-E7ED823F67E4}.Release|Any CPU.ActiveCfg = Release|Any CPU
		{2C5E3CCA-E401-48B4-B526-E7ED823F67E4}.Release|Any CPU.Build.0 = Release|Any CPU
		{2C5E3CCA-E401-48B4-B526-E7ED823F67E4}.Release|Any CPU.Deploy.0 = Release|Any CPU
	EndGlobalSection
	GlobalSection(SolutionProperties) = preSolution
		HideSolutionNode = FALSE
	EndGlobalSection
	GlobalSection(ExtensibilityGlobals) = postSolution
		SolutionGuid = {2436E704-1856-4932-ACB3-AE5EA5674A35}
	EndGlobalSection
	GlobalSection(TeamFoundationVersionControl) = preSolution
		SccNumberOfProjects = 2
		SccEnterpriseProvider = {4CA58AB2-18FA-4F8D-95D4-32DDF27D184C}
		SccTeamFoundationServer = http://sqlbuvsts01:8080/main
		SccLocalPath0 = .
		SccProjectUniqueName1 = BenchmarkResultsDb\\BenchmarkResultsDb.sqlproj
		SccProjectName1 = BenchmarkResultsDb
		SccLocalPath1 = BenchmarkResultsDb
	EndGlobalSection
EndGlobal
